
Microsoft Visual Studio Solution File, Format Version 12.00
# Visual Studio Version 17
VisualStudioVersion = 17.7.34031.279
MinimumVisualStudioVersion = 10.0.40219.1
Project("{9A19103F-16F7-4668-BE54-9A1E7A4F7556}") = "ChessLogic", "ChessLogic\ChessLogic.csproj", "{FD01A567-C0D5-4A40-B8A6-C3DF094C0BF4}"
EndProject
Project("{9A19103F-16F7-4668-BE54-9A1E7A4F7556}") = "ChessUI", "ChessUI\ChessUI.csproj", "{54788117-C504-485C-8FCD-7B4CBCC7F920}"
EndProject
Project("{FAE04EC0-301F-11D3-BF4B-00C04F79EFBC}") = "ChessEngine", "ChessEngine\ChessEngine.csproj", "{F7DACFFE-EDC4-4971-B3F8-2D9C102D82A6}"
EndProject
Global
	GlobalSection(SolutionConfigurationPlatforms) = preSolution
		Debug|Any CPU = Debug|Any CPU
		Release|Any CPU = Release|Any CPU
	EndGlobalSection
	GlobalSection(ProjectConfigurationPlatforms) = postSolution
		{FD01A567-C0D5-4A40-B8A6-C3DF094C0BF4}.Debug|Any CPU.ActiveCfg = Debug|Any CPU
		{FD01A567-C0D5-4A40-B8A6-C3DF094C0BF4}.Debug|Any CPU.Build.0 = Debug|Any CPU
		{FD01A567-C0D5-4A40-B8A6-C3DF094C0BF4}.Release|Any CPU.ActiveCfg = Release|Any CPU
		{FD01A567-C0D5-4A40-B8A6-C3DF094C0BF4}.Release|Any CPU.Build.0 = Release|Any CPU
		{54788117-C504-485C-8FCD-7B4CBCC7F920}.Debug|Any CPU.ActiveCfg = Debug|Any CPU
		{54788117-C504-485C-8FCD-7B4CBCC7F920}.Debug|Any CPU.Build.0 = Debug|Any CPU
		{54788117-C504-485C-8FCD-7B4CBCC7F920}.Release|Any CPU.ActiveCfg = Release|Any CPU
		{54788117-C504-485C-8FCD-7B4CBCC7F920}.Release|Any CPU.Build.0 = Release|Any CPU
		{F7DACFFE-EDC4-4971-B3F8-2D9C102D82A6}.Debug|Any CPU.ActiveCfg = Debug|Any CPU
		{F7DACFFE-EDC4-4971-B3F8-2D9C102D82A6}.Debug|Any CPU.Build.0 = Debug|Any CPU
		{F7DACFFE-EDC4-4971-B3F8-2D9C102D82A6}.Release|Any CPU.ActiveCfg = Release|Any CPU
		{F7DACFFE-EDC4-4971-B3F8-2D9C102D82A6}.Release|Any CPU.Build.0 = Release|Any CPU
	EndGlobalSection
	GlobalSection(SolutionProperties) = preSolution
		HideSolutionNode = FALSE
	EndGlobalSection
	GlobalSection(ExtensibilityGlobals) = postSolution
		SolutionGuid = {F9937917-A1AD-4AEA-82A9-C2FC6807D6CA}
	EndGlobalSection
EndGlobal
